{
  "name": "magmaplayer",
  "version": "0.0.1",
  "lockfileVersion": 1,
  "requires": true,
  "dependencies": {
    "youtube-dl-wrap": {
      "version": "2.0.0",
      "resolved": "https://registry.npmjs.org/youtube-dl-wrap/-/youtube-dl-wrap-2.0.0.tgz",
      "integrity": "sha512-xuYU2AulIrCcQ93f0J9SiEftqmRqxoxjSTRfCjtsghNWNjboDYFWuH1s2P12x3eJsR2Iwg/QjndhYrTGfT33wA=="
    }
  }
}
